
Microsoft Visual Studio Solution File, Format Version 12.00
# Visual Studio Version 17
VisualStudioVersion = 17.4.33205.214
MinimumVisualStudioVersion = 10.0.40219.1
Project("{FAE04EC0-301F-11D3-BF4B-00C04F79EFBC}") = "RapidDevTool", "RapidDevTool\RapidDevTool.csproj", "{9F85AA83-3835-450B-8AEC-9FBA658CE4B7}"
EndProject
Project("{FAE04EC0-301F-11D3-BF4B-00C04F79EFBC}") = "RevitLinks", "RevitLinks\RevitLinks.csproj", "{38D004B6-94B1-41B0-ADA8-93A84F82AF64}"
EndProject
Project("{FAE04EC0-301F-11D3-BF4B-00C04F79EFBC}") = "WpfApp1", "WpfApp1\WpfApp1.csproj", "{F9D3B1BF-6C16-4DE1-A186-FF01C0612136}"
EndProject
Global
	GlobalSection(SolutionConfigurationPlatforms) = preSolution
		Debug|Any CPU = Debug|Any CPU
		Release|Any CPU = Release|Any CPU
	EndGlobalSection
	GlobalSection(ProjectConfigurationPlatforms) = postSolution
		{9F85AA83-3835-450B-8AEC-9FBA658CE4B7}.Debug|Any CPU.ActiveCfg = Debug|Any CPU
		{9F85AA83-3835-450B-8AEC-9FBA658CE4B7}.Debug|Any CPU.Build.0 = Debug|Any CPU
		{9F85AA83-3835-450B-8AEC-9FBA658CE4B7}.Release|Any CPU.ActiveCfg = Release|Any CPU
		{9F85AA83-3835-450B-8AEC-9FBA658CE4B7}.Release|Any CPU.Build.0 = Release|Any CPU
		{38D004B6-94B1-41B0-ADA8-93A84F82AF64}.Debug|Any CPU.ActiveCfg = Debug|Any CPU
		{38D004B6-94B1-41B0-ADA8-93A84F82AF64}.Debug|Any CPU.Build.0 = Debug|Any CPU
		{38D004B6-94B1-41B0-ADA8-93A84F82AF64}.Release|Any CPU.ActiveCfg = Release|Any CPU
		{38D004B6-94B1-41B0-ADA8-93A84F82AF64}.Release|Any CPU.Build.0 = Release|Any CPU
		{F9D3B1BF-6C16-4DE1-A186-FF01C0612136}.Debug|Any CPU.ActiveCfg = Debug|Any CPU
		{F9D3B1BF-6C16-4DE1-A186-FF01C0612136}.Debug|Any CPU.Build.0 = Debug|Any CPU
		{F9D3B1BF-6C16-4DE1-A186-FF01C0612136}.Release|Any CPU.ActiveCfg = Release|Any CPU
		{F9D3B1BF-6C16-4DE1-A186-FF01C0612136}.Release|Any CPU.Build.0 = Release|Any CPU
	EndGlobalSection
	GlobalSection(SolutionProperties) = preSolution
		HideSolutionNode = FALSE
	EndGlobalSection
	GlobalSection(ExtensibilityGlobals) = postSolution
		SolutionGuid = {AFEC8322-8260-41A9-A45D-85C6840DD0D7}
	EndGlobalSection
EndGlobal
